
Microsoft Visual Studio Solution File, Format Version 12.00
# Visual Studio Version 17
VisualStudioVersion = 17.1.32421.90
MinimumVisualStudioVersion = 10.0.40219.1
Project("{FAE04EC0-301F-11D3-BF4B-00C04F79EFBC}") = "laba_3", "laba_3\laba_3.csproj", "{67945612-3B0A-427E-BB10-E0A6F930012B}"
EndProject
Global
	GlobalSection(SolutionConfigurationPlatforms) = preSolution
		Debug|Any CPU = Debug|Any CPU
		Release|Any CPU = Release|Any CPU
	EndGlobalSection
	GlobalSection(ProjectConfigurationPlatforms) = postSolution
		{67945612-3B0A-427E-BB10-E0A6F930012B}.Debug|Any CPU.ActiveCfg = Debug|Any CPU
		{67945612-3B0A-427E-BB10-E0A6F930012B}.Debug|Any CPU.Build.0 = Debug|Any CPU
		{67945612-3B0A-427E-BB10-E0A6F930012B}.Release|Any CPU.ActiveCfg = Release|Any CPU
		{67945612-3B0A-427E-BB10-E0A6F930012B}.Release|Any CPU.Build.0 = Release|Any CPU
	EndGlobalSection
	GlobalSection(SolutionProperties) = preSolution
		HideSolutionNode = FALSE
	EndGlobalSection
	GlobalSection(ExtensibilityGlobals) = postSolution
		SolutionGuid = {1DDD0DBD-BE14-400F-B528-F2CFF1032EB5}
	EndGlobalSection
EndGlobal
